
Microsoft Visual Studio Solution File, Format Version 12.00
# Visual Studio Version 16
VisualStudioVersion = 16.0.33927.289
MinimumVisualStudioVersion = 10.0.40219.1
Project("{2150E333-8FDC-42A3-9474-1A3956D46DE8}") = "Task0", "Task0", "{67C75B94-933B-4999-9736-3E09E5BF4304}"
EndProject
Project("{FAE04EC0-301F-11D3-BF4B-00C04F79EFBC}") = "Tyuiu.ZaripovEO.Sprint0.Task0.V0", "Tyuiu.ZaripovEO.Sprint0.Task0.V0\Tyuiu.ZaripovEO.Sprint0.Task0.V0.csproj", "{803C93E6-95DB-4DF7-AE22-D96D74DF47CE}"
EndProject
Project("{2150E333-8FDC-42A3-9474-1A3956D46DE8}") = "Task1", "Task1", "{ABDF34E3-7A60-4147-AD0F-48D7DAFBE782}"
EndProject
Project("{FAE04EC0-301F-11D3-BF4B-00C04F79EFBC}") = "Tyuiu.ZaripovEO.Sprint0.Task1.V0", "Tyuiu.ZaripovEO.Sprint0.Task1.V0\Tyuiu.ZaripovEO.Sprint0.Task1.V0.csproj", "{DF9402E8-D07D-4EF1-AB87-9AA972BF61D5}"
EndProject
Project("{2150E333-8FDC-42A3-9474-1A3956D46DE8}") = "Task2", "Task2", "{187B983A-ED11-41F5-8210-2CB620CFB0B8}"
EndProject
Project("{FAE04EC0-301F-11D3-BF4B-00C04F79EFBC}") = "Tyuiu.ZaripovEO.Sprint0.Task2.V0.Test", "Tyuiu.ZaripovEO.Sprint0.Task2.Test\Tyuiu.ZaripovEO.Sprint0.Task2.V0.Test.csproj", "{A8F3F41C-84DF-459C-81FC-F2DE669006A6}"
EndProject
Project("{FAE04EC0-301F-11D3-BF4B-00C04F79EFBC}") = "Tyuiu.ZaripovEO.Sprint0.Task2.V0", "Tyuiu.ZaripovEO.Sprint0.Task2.V0\Tyuiu.ZaripovEO.Sprint0.Task2.V0.csproj", "{4C396E7B-C14C-4932-8E82-432ECCF62FCB}"
EndProject
Project("{FAE04EC0-301F-11D3-BF4B-00C04F79EFBC}") = "Tyuiu.ZaripovEO.Sprint0.Task2.V0.Lib", "Tyuiu.ZaripovEO.Sprint0.Task2.Lib\Tyuiu.ZaripovEO.Sprint0.Task2.V0.Lib.csproj", "{C6E5A4A6-C817-4D59-B79A-1A05D8DB13A1}"
EndProject
Project("{2150E333-8FDC-42A3-9474-1A3956D46DE8}") = "Task3", "Task3", "{EB4F4C8B-53CF-4387-87A6-064AB8F8DA46}"
EndProject
Project("{FAE04EC0-301F-11D3-BF4B-00C04F79EFBC}") = "Tyuiu.ZaripovEO.Sprint0.Task3.V0.Lib", "Tyuiu.ZaripovEO.Sprint0.Task3.V0.Lib\Tyuiu.ZaripovEO.Sprint0.Task3.V0.Lib.csproj", "{CA358317-A1BA-4C45-84FC-D338CD6BEDE3}"
EndProject
Project("{FAE04EC0-301F-11D3-BF4B-00C04F79EFBC}") = "Tyuiu.ZaripovEO.Sprint0.Task3.V0", "Tyuiu.ZaripovEO.Sprint0.Task3.V0\Tyuiu.ZaripovEO.Sprint0.Task3.V0.csproj", "{85C4BA43-BF14-42B9-B7AF-18AB68F54896}"
EndProject
Project("{FAE04EC0-301F-11D3-BF4B-00C04F79EFBC}") = "Tyuiu.ZaripovEO.Sprint0.Task3.V0.Test", "Tyuiu.ZaripovEO.Sprint0.Task3.V0.Test\Tyuiu.ZaripovEO.Sprint0.Task3.V0.Test.csproj", "{3471AF15-AFC4-442E-849F-31296D0BA4A6}"
EndProject
Project("{2150E333-8FDC-42A3-9474-1A3956D46DE8}") = "Task4", "Task4", "{B3AB10B0-E21C-4DD1-A02F-E990DB391FA0}"
EndProject
Project("{FAE04EC0-301F-11D3-BF4B-00C04F79EFBC}") = "Tyuiu.ZaripovEO.Sprint0.Task4.V0.Test", "Tyuiu.ZaripovEO.Sprint0.Task4.V0.Test\Tyuiu.ZaripovEO.Sprint0.Task4.V0.Test.csproj", "{D9748682-8E9D-47E9-8168-8D3DB2629EB1}"
EndProject
Project("{FAE04EC0-301F-11D3-BF4B-00C04F79EFBC}") = "Tyuiu.ZaripovEO.Sprint0.Task4.V0", "Tyuiu.ZaripovEO.Sprint0.Task4.V0\Tyuiu.ZaripovEO.Sprint0.Task4.V0.csproj", "{38F74BC9-EE01-4EBA-A91A-2294FB38ADD9}"
EndProject
Project("{FAE04EC0-301F-11D3-BF4B-00C04F79EFBC}") = "Tyuiu.ZaripovEO.Sprint0.Task4.V0.Lib", "Tyuiu.ZaripovEO.Sprint0.Task4.V0.Lib\Tyuiu.ZaripovEO.Sprint0.Task4.V0.Lib.csproj", "{0766D48C-C41C-43BD-9E0C-110796D8610D}"
EndProject
Project("{2150E333-8FDC-42A3-9474-1A3956D46DE8}") = "Task5", "Task5", "{6477E0DE-ED36-4C8D-B570-5886DB71B602}"
EndProject
Project("{FAE04EC0-301F-11D3-BF4B-00C04F79EFBC}") = "Tyuiu.ZaripovEO.Sprint0.Task5.V0", "Tyuiu.ZaripovEO.Sprint0.Task5.V0\Tyuiu.ZaripovEO.Sprint0.Task5.V0.csproj", "{4E186496-52B9-489D-8A8C-5F2501A00B55}"
EndProject
Project("{FAE04EC0-301F-11D3-BF4B-00C04F79EFBC}") = "Tyuiu.ZaripovEO.Sprint0.Task5.V0.Lib", "Tyuiu.ZaripovEO.Sprint0.Task5.V0.Lib\Tyuiu.ZaripovEO.Sprint0.Task5.V0.Lib.csproj", "{57600DEB-D3BD-4958-9D6F-3D0CB0BD081B}"
EndProject
Project("{FAE04EC0-301F-11D3-BF4B-00C04F79EFBC}") = "Tyuiu.ZaripovEO.Sprint0.Task5.V0.Test", "Tyuiu.ZaripovEO.Sprint0.Task5.V0.Test\Tyuiu.ZaripovEO.Sprint0.Task5.V0.Test.csproj", "{A539D688-0195-452D-BF90-35740A50B286}"
EndProject
Global
	GlobalSection(SolutionConfigurationPlatforms) = preSolution
		Debug|Any CPU = Debug|Any CPU
		Release|Any CPU = Release|Any CPU
	EndGlobalSection
	GlobalSection(ProjectConfigurationPlatforms) = postSolution
		{803C93E6-95DB-4DF7-AE22-D96D74DF47CE}.Debug|Any CPU.ActiveCfg = Debug|Any CPU
		{803C93E6-95DB-4DF7-AE22-D96D74DF47CE}.Debug|Any CPU.Build.0 = Debug|Any CPU
		{803C93E6-95DB-4DF7-AE22-D96D74DF47CE}.Release|Any CPU.ActiveCfg = Release|Any CPU
		{803C93E6-95DB-4DF7-AE22-D96D74DF47CE}.Release|Any CPU.Build.0 = Release|Any CPU
		{DF9402E8-D07D-4EF1-AB87-9AA972BF61D5}.Debug|Any CPU.ActiveCfg = Debug|Any CPU
		{DF9402E8-D07D-4EF1-AB87-9AA972BF61D5}.Debug|Any CPU.Build.0 = Debug|Any CPU
		{DF9402E8-D07D-4EF1-AB87-9AA972BF61D5}.Release|Any CPU.ActiveCfg = Release|Any CPU
		{DF9402E8-D07D-4EF1-AB87-9AA972BF61D5}.Release|Any CPU.Build.0 = Release|Any CPU
		{A8F3F41C-84DF-459C-81FC-F2DE669006A6}.Debug|Any CPU.ActiveCfg = Debug|Any CPU
		{A8F3F41C-84DF-459C-81FC-F2DE669006A6}.Debug|Any CPU.Build.0 = Debug|Any CPU
		{A8F3F41C-84DF-459C-81FC-F2DE669006A6}.Release|Any CPU.ActiveCfg = Release|Any CPU
		{A8F3F41C-84DF-459C-81FC-F2DE669006A6}.Release|Any CPU.Build.0 = Release|Any CPU
		{4C396E7B-C14C-4932-8E82-432ECCF62FCB}.Debug|Any CPU.ActiveCfg = Debug|Any CPU
		{4C396E7B-C14C-4932-8E82-432ECCF62FCB}.Debug|Any CPU.Build.0 = Debug|Any CPU
		{4C396E7B-C14C-4932-8E82-432ECCF62FCB}.Release|Any CPU.ActiveCfg = Release|Any CPU
		{4C396E7B-C14C-4932-8E82-432ECCF62FCB}.Release|Any CPU.Build.0 = Release|Any CPU
		{C6E5A4A6-C817-4D59-B79A-1A05D8DB13A1}.Debug|Any CPU.ActiveCfg = Debug|Any CPU
		{C6E5A4A6-C817-4D59-B79A-1A05D8DB13A1}.Debug|Any CPU.Build.0 = Debug|Any CPU
		{C6E5A4A6-C817-4D59-B79A-1A05D8DB13A1}.Release|Any CPU.ActiveCfg = Release|Any CPU
		{C6E5A4A6-C817-4D59-B79A-1A05D8DB13A1}.Release|Any CPU.Build.0 = Release|Any CPU
		{CA358317-A1BA-4C45-84FC-D338CD6BEDE3}.Debug|Any CPU.ActiveCfg = Debug|Any CPU
		{CA358317-A1BA-4C45-84FC-D338CD6BEDE3}.Debug|Any CPU.Build.0 = Debug|Any CPU
		{CA358317-A1BA-4C45-84FC-D338CD6BEDE3}.Release|Any CPU.ActiveCfg = Release|Any CPU
		{CA358317-A1BA-4C45-84FC-D338CD6BEDE3}.Release|Any CPU.Build.0 = Release|Any CPU
		{85C4BA43-BF14-42B9-B7AF-18AB68F54896}.Debug|Any CPU.ActiveCfg = Debug|Any CPU
		{85C4BA43-BF14-42B9-B7AF-18AB68F54896}.Debug|Any CPU.Build.0 = Debug|Any CPU
		{85C4BA43-BF14-42B9-B7AF-18AB68F54896}.Release|Any CPU.ActiveCfg = Release|Any CPU
		{85C4BA43-BF14-42B9-B7AF-18AB68F54896}.Release|Any CPU.Build.0 = Release|Any CPU
		{3471AF15-AFC4-442E-849F-31296D0BA4A6}.Debug|Any CPU.ActiveCfg = Debug|Any CPU
		{3471AF15-AFC4-442E-849F-31296D0BA4A6}.Debug|Any CPU.Build.0 = Debug|Any CPU
		{3471AF15-AFC4-442E-849F-31296D0BA4A6}.Release|Any CPU.ActiveCfg = Release|Any CPU
		{3471AF15-AFC4-442E-849F-31296D0BA4A6}.Release|Any CPU.Build.0 = Release|Any CPU
		{D9748682-8E9D-47E9-8168-8D3DB2629EB1}.Debug|Any CPU.ActiveCfg = Debug|Any CPU
		{D9748682-8E9D-47E9-8168-8D3DB2629EB1}.Debug|Any CPU.Build.0 = Debug|Any CPU
		{D9748682-8E9D-47E9-8168-8D3DB2629EB1}.Release|Any CPU.ActiveCfg = Release|Any CPU
		{D9748682-8E9D-47E9-8168-8D3DB2629EB1}.Release|Any CPU.Build.0 = Release|Any CPU
		{38F74BC9-EE01-4EBA-A91A-2294FB38ADD9}.Debug|Any CPU.ActiveCfg = Debug|Any CPU
		{38F74BC9-EE01-4EBA-A91A-2294FB38ADD9}.Debug|Any CPU.Build.0 = Debug|Any CPU
		{38F74BC9-EE01-4EBA-A91A-2294FB38ADD9}.Release|Any CPU.ActiveCfg = Release|Any CPU
		{38F74BC9-EE01-4EBA-A91A-2294FB38ADD9}.Release|Any CPU.Build.0 = Release|Any CPU
		{0766D48C-C41C-43BD-9E0C-110796D8610D}.Debug|Any CPU.ActiveCfg = Debug|Any CPU
		{0766D48C-C41C-43BD-9E0C-110796D8610D}.Debug|Any CPU.Build.0 = Debug|Any CPU
		{0766D48C-C41C-43BD-9E0C-110796D8610D}.Release|Any CPU.ActiveCfg = Release|Any CPU
		{0766D48C-C41C-43BD-9E0C-110796D8610D}.Release|Any CPU.Build.0 = Release|Any CPU
		{4E186496-52B9-489D-8A8C-5F2501A00B55}.Debug|Any CPU.ActiveCfg = Debug|Any CPU
		{4E186496-52B9-489D-8A8C-5F2501A00B55}.Debug|Any CPU.Build.0 = Debug|Any CPU
		{4E186496-52B9-489D-8A8C-5F2501A00B55}.Release|Any CPU.ActiveCfg = Release|Any CPU
		{4E186496-52B9-489D-8A8C-5F2501A00B55}.Release|Any CPU.Build.0 = Release|Any CPU
		{57600DEB-D3BD-4958-9D6F-3D0CB0BD081B}.Debug|Any CPU.ActiveCfg = Debug|Any CPU
		{57600DEB-D3BD-4958-9D6F-3D0CB0BD081B}.Debug|Any CPU.Build.0 = Debug|Any CPU
		{57600DEB-D3BD-4958-9D6F-3D0CB0BD081B}.Release|Any CPU.ActiveCfg = Release|Any CPU
		{57600DEB-D3BD-4958-9D6F-3D0CB0BD081B}.Release|Any CPU.Build.0 = Release|Any CPU
		{A539D688-0195-452D-BF90-35740A50B286}.Debug|Any CPU.ActiveCfg = Debug|Any CPU
		{A539D688-0195-452D-BF90-35740A50B286}.Debug|Any CPU.Build.0 = Debug|Any CPU
		{A539D688-0195-452D-BF90-35740A50B286}.Release|Any CPU.ActiveCfg = Release|Any CPU
		{A539D688-0195-452D-BF90-35740A50B286}.Release|Any CPU.Build.0 = Release|Any CPU
	EndGlobalSection
	GlobalSection(SolutionProperties) = preSolution
		HideSolutionNode = FALSE
	EndGlobalSection
	GlobalSection(NestedProjects) = preSolution
		{803C93E6-95DB-4DF7-AE22-D96D74DF47CE} = {67C75B94-933B-4999-9736-3E09E5BF4304}
		{DF9402E8-D07D-4EF1-AB87-9AA972BF61D5} = {ABDF34E3-7A60-4147-AD0F-48D7DAFBE782}
		{A8F3F41C-84DF-459C-81FC-F2DE669006A6} = {187B983A-ED11-41F5-8210-2CB620CFB0B8}
		{4C396E7B-C14C-4932-8E82-432ECCF62FCB} = {187B983A-ED11-41F5-8210-2CB620CFB0B8}
		{C6E5A4A6-C817-4D59-B79A-1A05D8DB13A1} = {187B983A-ED11-41F5-8210-2CB620CFB0B8}
		{CA358317-A1BA-4C45-84FC-D338CD6BEDE3} = {EB4F4C8B-53CF-4387-87A6-064AB8F8DA46}
		{85C4BA43-BF14-42B9-B7AF-18AB68F54896} = {EB4F4C8B-53CF-4387-87A6-064AB8F8DA46}
		{3471AF15-AFC4-442E-849F-31296D0BA4A6} = {EB4F4C8B-53CF-4387-87A6-064AB8F8DA46}
		{D9748682-8E9D-47E9-8168-8D3DB2629EB1} = {B3AB10B0-E21C-4DD1-A02F-E990DB391FA0}
		{38F74BC9-EE01-4EBA-A91A-2294FB38ADD9} = {B3AB10B0-E21C-4DD1-A02F-E990DB391FA0}
		{0766D48C-C41C-43BD-9E0C-110796D8610D} = {B3AB10B0-E21C-4DD1-A02F-E990DB391FA0}
		{4E186496-52B9-489D-8A8C-5F2501A00B55} = {6477E0DE-ED36-4C8D-B570-5886DB71B602}
		{57600DEB-D3BD-4958-9D6F-3D0CB0BD081B} = {6477E0DE-ED36-4C8D-B570-5886DB71B602}
		{A539D688-0195-452D-BF90-35740A50B286} = {6477E0DE-ED36-4C8D-B570-5886DB71B602}
	EndGlobalSection
	GlobalSection(ExtensibilityGlobals) = postSolution
		SolutionGuid = {00D6709E-592B-46BB-9A72-969E9753A619}
	EndGlobalSection
EndGlobal
